
Microsoft Visual Studio Solution File, Format Version 12.00
# Visual Studio Version 16
VisualStudioVersion = 16.0.29911.84
MinimumVisualStudioVersion = 10.0.40219.1
Project("{FAE04EC0-301F-11D3-BF4B-00C04F79EFBC}") = "invoice-repository", "invoice-repository\invoice-repository.csproj", "{17DBDA7E-73AD-492A-9827-9940E9FAD302}"
EndProject
Project("{FAE04EC0-301F-11D3-BF4B-00C04F79EFBC}") = "invoice-repository-test", "invoice-repository-test\invoice-repository-test.csproj", "{95C681EA-2C21-4AA8-BE22-8D55BA467D1D}"
EndProject
Global
	GlobalSection(SolutionConfigurationPlatforms) = preSolution
		Debug|Any CPU = Debug|Any CPU
		Release|Any CPU = Release|Any CPU
	EndGlobalSection
	GlobalSection(ProjectConfigurationPlatforms) = postSolution
		{17DBDA7E-73AD-492A-9827-9940E9FAD302}.Debug|Any CPU.ActiveCfg = Debug|Any CPU
		{17DBDA7E-73AD-492A-9827-9940E9FAD302}.Debug|Any CPU.Build.0 = Debug|Any CPU
		{17DBDA7E-73AD-492A-9827-9940E9FAD302}.Release|Any CPU.ActiveCfg = Release|Any CPU
		{17DBDA7E-73AD-492A-9827-9940E9FAD302}.Release|Any CPU.Build.0 = Release|Any CPU
		{95C681EA-2C21-4AA8-BE22-8D55BA467D1D}.Debug|Any CPU.ActiveCfg = Debug|Any CPU
		{95C681EA-2C21-4AA8-BE22-8D55BA467D1D}.Debug|Any CPU.Build.0 = Debug|Any CPU
		{95C681EA-2C21-4AA8-BE22-8D55BA467D1D}.Release|Any CPU.ActiveCfg = Release|Any CPU
		{95C681EA-2C21-4AA8-BE22-8D55BA467D1D}.Release|Any CPU.Build.0 = Release|Any CPU
	EndGlobalSection
	GlobalSection(SolutionProperties) = preSolution
		HideSolutionNode = FALSE
	EndGlobalSection
	GlobalSection(ExtensibilityGlobals) = postSolution
		SolutionGuid = {2F920AEC-4D68-4D80-BD3F-F6511A7720F1}
	EndGlobalSection
EndGlobal
